
Microsoft Visual Studio Solution File, Format Version 11.00
# Visual Studio 2010
Project("{FAE04EC0-301F-11D3-BF4B-00C04F79EFBC}") = "CloudRS232Server", "CloudRS232Server\CloudRS232Server.csproj", "{25B096F7-779A-41E9-A491-8C7F75D32BE4}"
EndProject
Global
	GlobalSection(SolutionConfigurationPlatforms) = preSolution
		Debug|x86 = Debug|x86
		Release|x86 = Release|x86
	EndGlobalSection
	GlobalSection(ProjectConfigurationPlatforms) = postSolution
		{25B096F7-779A-41E9-A491-8C7F75D32BE4}.Debug|x86.ActiveCfg = Debug|x86
		{25B096F7-779A-41E9-A491-8C7F75D32BE4}.Debug|x86.Build.0 = Debug|x86
		{25B096F7-779A-41E9-A491-8C7F75D32BE4}.Release|x86.ActiveCfg = Release|x86
		{25B096F7-779A-41E9-A491-8C7F75D32BE4}.Release|x86.Build.0 = Release|x86
	EndGlobalSection
	GlobalSection(SolutionProperties) = preSolution
		HideSolutionNode = FALSE
	EndGlobalSection
EndGlobal
